{
    "version": 3,
    "terraform_version": "0.11.10",
    "serial": 3,
    "lineage": "69498768-e547-0d7c-c26c-9a6ae2386a6e",
    "modules": [
        {
            "path": [
                "root"
            ],
            "outputs": {},
            "resources": {
                "aws_instance.example": {
                    "type": "aws_instance",
                    "depends_on": [],
                    "primary": {
                        "id": "i-0a2d946ca07b404b5",
                        "attributes": {
                            "ami": "ami-0b59bfac6be064b78",
                            "arn": "arn:aws:ec2:us-east-2:343199229697:instance/i-0a2d946ca07b404b5",
                            "associate_public_ip_address": "true",
                            "availability_zone": "us-east-2c",
                            "cpu_core_count": "1",
                            "cpu_threads_per_core": "1",
                            "credit_specification.#": "1",
                            "credit_specification.0.cpu_credits": "standard",
                            "disable_api_termination": "false",
                            "ebs_block_device.#": "0",
                            "ebs_optimized": "false",
                            "ephemeral_block_device.#": "0",
                            "get_password_data": "false",
                            "iam_instance_profile": "",
                            "id": "i-0a2d946ca07b404b5",
                            "instance_state": "running",
                            "instance_type": "t2.micro",
                            "ipv6_addresses.#": "0",
                            "key_name": "vasu",
                            "monitoring": "false",
                            "network_interface.#": "0",
                            "network_interface_id": "eni-0b7940678a5445e54",
                            "password_data": "",
                            "placement_group": "",
                            "primary_network_interface_id": "eni-0b7940678a5445e54",
                            "private_dns": "ip-172-31-45-24.us-east-2.compute.internal",
                            "private_ip": "172.31.45.24",
                            "public_dns": "ec2-18-222-188-76.us-east-2.compute.amazonaws.com",
                            "public_ip": "18.222.188.76",
                            "root_block_device.#": "1",
                            "root_block_device.0.delete_on_termination": "true",
                            "root_block_device.0.iops": "100",
                            "root_block_device.0.volume_id": "vol-076344d42522d95a5",
                            "root_block_device.0.volume_size": "8",
                            "root_block_device.0.volume_type": "gp2",
                            "security_groups.#": "1",
                            "security_groups.480378657": "default",
                            "source_dest_check": "true",
                            "subnet_id": "subnet-e18e76ad",
                            "tags.%": "1",
                            "tags.Name": "git project",
                            "tenancy": "default",
                            "volume_tags.%": "0",
                            "vpc_security_group_ids.#": "1",
                            "vpc_security_group_ids.1974663157": "sg-91da22fc"
                        },
                        "meta": {
                            "e2bfb730-ecaa-11e6-8f88-34363bc7c4c0": {
                                "create": 600000000000,
                                "delete": 1200000000000,
                                "update": 600000000000
                            },
                            "schema_version": "1"
                        },
                        "tainted": false
                    },
                    "deposed": [],
                    "provider": "provider.aws"
                }
            },
            "depends_on": []
        }
    ]
}
